
Microsoft Visual Studio Solution File, Format Version 12.00
# Visual Studio Version 16
VisualStudioVersion = 16.0.29728.190
MinimumVisualStudioVersion = 10.0.40219.1
Project("{FAE04EC0-301F-11D3-BF4B-00C04F79EFBC}") = "Lab4", "Lab4.csproj", "{E709B3A9-8ECA-40F6-8489-7CEB84895344}"
EndProject
Global
	GlobalSection(SolutionConfigurationPlatforms) = preSolution
		Debug|Any CPU = Debug|Any CPU
		Release|Any CPU = Release|Any CPU
	EndGlobalSection
	GlobalSection(ProjectConfigurationPlatforms) = postSolution
		{E709B3A9-8ECA-40F6-8489-7CEB84895344}.Debug|Any CPU.ActiveCfg = Debug|Any CPU
		{E709B3A9-8ECA-40F6-8489-7CEB84895344}.Debug|Any CPU.Build.0 = Debug|Any CPU
		{E709B3A9-8ECA-40F6-8489-7CEB84895344}.Release|Any CPU.ActiveCfg = Release|Any CPU
		{E709B3A9-8ECA-40F6-8489-7CEB84895344}.Release|Any CPU.Build.0 = Release|Any CPU
	EndGlobalSection
	GlobalSection(SolutionProperties) = preSolution
		HideSolutionNode = FALSE
	EndGlobalSection
	GlobalSection(ExtensibilityGlobals) = postSolution
		SolutionGuid = {983080F0-223B-4F82-9FB8-93F5DC4AE313}
	EndGlobalSection
EndGlobal
