
Microsoft Visual Studio Solution File, Format Version 12.00
# Visual Studio Version 16
VisualStudioVersion = 16.0.29728.190
MinimumVisualStudioVersion = 10.0.40219.1
Project("{FAE04EC0-301F-11D3-BF4B-00C04F79EFBC}") = "Lab3", "Lab3.csproj", "{2A46278A-CD44-4412-A1E8-0CEB5EC79BCB}"
EndProject
Global
	GlobalSection(SolutionConfigurationPlatforms) = preSolution
		Debug|Any CPU = Debug|Any CPU
		Release|Any CPU = Release|Any CPU
	EndGlobalSection
	GlobalSection(ProjectConfigurationPlatforms) = postSolution
		{2A46278A-CD44-4412-A1E8-0CEB5EC79BCB}.Debug|Any CPU.ActiveCfg = Debug|Any CPU
		{2A46278A-CD44-4412-A1E8-0CEB5EC79BCB}.Debug|Any CPU.Build.0 = Debug|Any CPU
		{2A46278A-CD44-4412-A1E8-0CEB5EC79BCB}.Release|Any CPU.ActiveCfg = Release|Any CPU
		{2A46278A-CD44-4412-A1E8-0CEB5EC79BCB}.Release|Any CPU.Build.0 = Release|Any CPU
	EndGlobalSection
	GlobalSection(SolutionProperties) = preSolution
		HideSolutionNode = FALSE
	EndGlobalSection
	GlobalSection(ExtensibilityGlobals) = postSolution
		SolutionGuid = {37903217-D12B-4ED2-9720-95DF8893A389}
	EndGlobalSection
EndGlobal
