
Microsoft Visual Studio Solution File, Format Version 12.00
# Visual Studio Version 16
VisualStudioVersion = 16.0.29728.190
MinimumVisualStudioVersion = 10.0.40219.1
Project("{FAE04EC0-301F-11D3-BF4B-00C04F79EFBC}") = "Lab4", "Lab4.csproj", "{89AA2F0A-2871-4A37-A728-8E05C5016E2F}"
EndProject
Global
	GlobalSection(SolutionConfigurationPlatforms) = preSolution
		Debug|Any CPU = Debug|Any CPU
		Release|Any CPU = Release|Any CPU
	EndGlobalSection
	GlobalSection(ProjectConfigurationPlatforms) = postSolution
		{89AA2F0A-2871-4A37-A728-8E05C5016E2F}.Debug|Any CPU.ActiveCfg = Debug|Any CPU
		{89AA2F0A-2871-4A37-A728-8E05C5016E2F}.Debug|Any CPU.Build.0 = Debug|Any CPU
		{89AA2F0A-2871-4A37-A728-8E05C5016E2F}.Release|Any CPU.ActiveCfg = Release|Any CPU
		{89AA2F0A-2871-4A37-A728-8E05C5016E2F}.Release|Any CPU.Build.0 = Release|Any CPU
	EndGlobalSection
	GlobalSection(SolutionProperties) = preSolution
		HideSolutionNode = FALSE
	EndGlobalSection
	GlobalSection(ExtensibilityGlobals) = postSolution
		SolutionGuid = {E7CDE93B-9667-4354-8E49-CFD60506AF56}
	EndGlobalSection
EndGlobal
