
Microsoft Visual Studio Solution File, Format Version 12.00
# Visual Studio Version 16
VisualStudioVersion = 16.0.29728.190
MinimumVisualStudioVersion = 10.0.40219.1
Project("{FAE04EC0-301F-11D3-BF4B-00C04F79EFBC}") = "Lab1", "Lab1.csproj", "{DF4139E6-F9C7-42F4-A2F2-D1BBDFB4171F}"
EndProject
Global
	GlobalSection(SolutionConfigurationPlatforms) = preSolution
		Debug|Any CPU = Debug|Any CPU
		Release|Any CPU = Release|Any CPU
	EndGlobalSection
	GlobalSection(ProjectConfigurationPlatforms) = postSolution
		{DF4139E6-F9C7-42F4-A2F2-D1BBDFB4171F}.Debug|Any CPU.ActiveCfg = Debug|Any CPU
		{DF4139E6-F9C7-42F4-A2F2-D1BBDFB4171F}.Debug|Any CPU.Build.0 = Debug|Any CPU
		{DF4139E6-F9C7-42F4-A2F2-D1BBDFB4171F}.Release|Any CPU.ActiveCfg = Release|Any CPU
		{DF4139E6-F9C7-42F4-A2F2-D1BBDFB4171F}.Release|Any CPU.Build.0 = Release|Any CPU
	EndGlobalSection
	GlobalSection(SolutionProperties) = preSolution
		HideSolutionNode = FALSE
	EndGlobalSection
	GlobalSection(ExtensibilityGlobals) = postSolution
		SolutionGuid = {832D9721-BCAB-4165-AF91-7563B3FFC3F5}
	EndGlobalSection
EndGlobal
