
Microsoft Visual Studio Solution File, Format Version 12.00
# Visual Studio Version 16
VisualStudioVersion = 16.0.30011.22
MinimumVisualStudioVersion = 10.0.40219.1
Project("{FAE04EC0-301F-11D3-BF4B-00C04F79EFBC}") = "Lab1", "Lab1.csproj", "{71A14CD9-680B-4DFE-82EC-AE9215034FBF}"
EndProject
Global
	GlobalSection(SolutionConfigurationPlatforms) = preSolution
		Debug|Any CPU = Debug|Any CPU
		Release|Any CPU = Release|Any CPU
	EndGlobalSection
	GlobalSection(ProjectConfigurationPlatforms) = postSolution
		{71A14CD9-680B-4DFE-82EC-AE9215034FBF}.Debug|Any CPU.ActiveCfg = Debug|Any CPU
		{71A14CD9-680B-4DFE-82EC-AE9215034FBF}.Debug|Any CPU.Build.0 = Debug|Any CPU
		{71A14CD9-680B-4DFE-82EC-AE9215034FBF}.Release|Any CPU.ActiveCfg = Release|Any CPU
		{71A14CD9-680B-4DFE-82EC-AE9215034FBF}.Release|Any CPU.Build.0 = Release|Any CPU
	EndGlobalSection
	GlobalSection(SolutionProperties) = preSolution
		HideSolutionNode = FALSE
	EndGlobalSection
	GlobalSection(ExtensibilityGlobals) = postSolution
		SolutionGuid = {7BAA035C-0CBE-4DA1-BBA4-84F77DA75683}
	EndGlobalSection
EndGlobal
